
Microsoft Visual Studio Solution File, Format Version 12.00
# Visual Studio Version 17
VisualStudioVersion = 17.3.32825.248
MinimumVisualStudioVersion = 10.0.40219.1
Project("{9A19103F-16F7-4668-BE54-9A1E7A4F7556}") = "Ikst.ImageUtil", "Ikst.ImageUtil\Ikst.ImageUtil.csproj", "{DF9085CB-A625-479E-A9F2-A09D39D0A964}"
EndProject
Project("{9A19103F-16F7-4668-BE54-9A1E7A4F7556}") = "UnitTest", "UnitTest\UnitTest.csproj", "{7CBFF878-78E6-4666-9B8C-F6B164A3BD83}"
EndProject
Project("{2150E333-8FDC-42A3-9474-1A3956D46DE8}") = "Solution Items", "Solution Items", "{13FD8A73-C843-475E-A001-5EC6DEA5B134}"
	ProjectSection(SolutionItems) = preProject
		.github\workflows\dotnet.yml = .github\workflows\dotnet.yml
		README.md = README.md
	EndProjectSection
EndProject
Global
	GlobalSection(SolutionConfigurationPlatforms) = preSolution
		Debug|Any CPU = Debug|Any CPU
		Release|Any CPU = Release|Any CPU
	EndGlobalSection
	GlobalSection(ProjectConfigurationPlatforms) = postSolution
		{DF9085CB-A625-479E-A9F2-A09D39D0A964}.Debug|Any CPU.ActiveCfg = Debug|Any CPU
		{DF9085CB-A625-479E-A9F2-A09D39D0A964}.Debug|Any CPU.Build.0 = Debug|Any CPU
		{DF9085CB-A625-479E-A9F2-A09D39D0A964}.Release|Any CPU.ActiveCfg = Release|Any CPU
		{DF9085CB-A625-479E-A9F2-A09D39D0A964}.Release|Any CPU.Build.0 = Release|Any CPU
		{7CBFF878-78E6-4666-9B8C-F6B164A3BD83}.Debug|Any CPU.ActiveCfg = Debug|Any CPU
		{7CBFF878-78E6-4666-9B8C-F6B164A3BD83}.Debug|Any CPU.Build.0 = Debug|Any CPU
		{7CBFF878-78E6-4666-9B8C-F6B164A3BD83}.Release|Any CPU.ActiveCfg = Release|Any CPU
		{7CBFF878-78E6-4666-9B8C-F6B164A3BD83}.Release|Any CPU.Build.0 = Release|Any CPU
	EndGlobalSection
	GlobalSection(SolutionProperties) = preSolution
		HideSolutionNode = FALSE
	EndGlobalSection
	GlobalSection(ExtensibilityGlobals) = postSolution
		SolutionGuid = {83B00D44-C3B9-40F0-A532-6645ECB49207}
	EndGlobalSection
EndGlobal
